
Microsoft Visual Studio Solution File, Format Version 12.00
# Visual Studio Version 17
VisualStudioVersion = 17.5.002.0
MinimumVisualStudioVersion = 10.0.40219.1
Project("{9A19103F-16F7-4668-BE54-9A1E7A4F7556}") = "mjml-net-experiment", "mjml-net-experiment.csproj", "{B358E820-331F-47EA-AFEF-5A2A1A871B9B}"
EndProject
Global
	GlobalSection(SolutionConfigurationPlatforms) = preSolution
		Debug|Any CPU = Debug|Any CPU
		Release|Any CPU = Release|Any CPU
	EndGlobalSection
	GlobalSection(ProjectConfigurationPlatforms) = postSolution
		{B358E820-331F-47EA-AFEF-5A2A1A871B9B}.Debug|Any CPU.ActiveCfg = Debug|Any CPU
		{B358E820-331F-47EA-AFEF-5A2A1A871B9B}.Debug|Any CPU.Build.0 = Debug|Any CPU
		{B358E820-331F-47EA-AFEF-5A2A1A871B9B}.Release|Any CPU.ActiveCfg = Release|Any CPU
		{B358E820-331F-47EA-AFEF-5A2A1A871B9B}.Release|Any CPU.Build.0 = Release|Any CPU
	EndGlobalSection
	GlobalSection(SolutionProperties) = preSolution
		HideSolutionNode = FALSE
	EndGlobalSection
	GlobalSection(ExtensibilityGlobals) = postSolution
		SolutionGuid = {C467373E-4FDF-41ED-BD84-6FF36E2FA724}
	EndGlobalSection
EndGlobal
